
Microsoft Visual Studio Solution File, Format Version 12.00
# Visual Studio Version 17
VisualStudioVersion = 17.0.31903.59
MinimumVisualStudioVersion = 10.0.40219.1
Project("{FAE04EC0-301F-11D3-BF4B-00C04F79EFBC}") = "BandHub.AuthService", "BandHub.AuthService\BandHub.AuthService.csproj", "{7E42BA84-3D2B-41B4-8EDD-3ADBA3B1628D}"
EndProject
Project("{2150E333-8FDC-42A3-9474-1A3956D46DE8}") = "tests", "tests", "{EE2C66A1-44D9-4D1A-9C7A-7CE33C62A680}"
EndProject
Project("{FAE04EC0-301F-11D3-BF4B-00C04F79EFBC}") = "BandHub.AuthService.UnitTests", "tests\BandHub.AuthService.UnitTests\BandHub.AuthService.UnitTests.csproj", "{8C403C02-81EA-4902-A3E4-4035CF955166}"
EndProject
Project("{FAE04EC0-301F-11D3-BF4B-00C04F79EFBC}") = "BandHub.Gateway", "..\BandHub.Gateway\BandHub.Gateway\BandHub.Gateway.csproj", "{CDEA9759-18DA-410D-9CD5-FB334FBBE0DC}"
EndProject
Project("{FAE04EC0-301F-11D3-BF4B-00C04F79EFBC}") = "BandHub.Gateway.UnitTests", "..\BandHub.Gateway\tests\BandHub.Gateway.UnitTests\BandHub.Gateway.UnitTests.csproj", "{D894EA2F-1ACB-487E-B3E2-852806168BF1}"
EndProject
Global
	GlobalSection(SolutionConfigurationPlatforms) = preSolution
		Debug|Any CPU = Debug|Any CPU
		Release|Any CPU = Release|Any CPU
	EndGlobalSection
	GlobalSection(SolutionProperties) = preSolution
		HideSolutionNode = FALSE
	EndGlobalSection
	GlobalSection(ProjectConfigurationPlatforms) = postSolution
		{7E42BA84-3D2B-41B4-8EDD-3ADBA3B1628D}.Debug|Any CPU.ActiveCfg = Debug|Any CPU
		{7E42BA84-3D2B-41B4-8EDD-3ADBA3B1628D}.Debug|Any CPU.Build.0 = Debug|Any CPU
		{7E42BA84-3D2B-41B4-8EDD-3ADBA3B1628D}.Release|Any CPU.ActiveCfg = Release|Any CPU
		{7E42BA84-3D2B-41B4-8EDD-3ADBA3B1628D}.Release|Any CPU.Build.0 = Release|Any CPU
		{8C403C02-81EA-4902-A3E4-4035CF955166}.Debug|Any CPU.ActiveCfg = Debug|Any CPU
		{8C403C02-81EA-4902-A3E4-4035CF955166}.Debug|Any CPU.Build.0 = Debug|Any CPU
		{8C403C02-81EA-4902-A3E4-4035CF955166}.Release|Any CPU.ActiveCfg = Release|Any CPU
		{8C403C02-81EA-4902-A3E4-4035CF955166}.Release|Any CPU.Build.0 = Release|Any CPU
		{CDEA9759-18DA-410D-9CD5-FB334FBBE0DC}.Debug|Any CPU.ActiveCfg = Debug|Any CPU
		{CDEA9759-18DA-410D-9CD5-FB334FBBE0DC}.Debug|Any CPU.Build.0 = Debug|Any CPU
		{CDEA9759-18DA-410D-9CD5-FB334FBBE0DC}.Release|Any CPU.ActiveCfg = Release|Any CPU
		{CDEA9759-18DA-410D-9CD5-FB334FBBE0DC}.Release|Any CPU.Build.0 = Release|Any CPU
		{D894EA2F-1ACB-487E-B3E2-852806168BF1}.Debug|Any CPU.ActiveCfg = Debug|Any CPU
		{D894EA2F-1ACB-487E-B3E2-852806168BF1}.Debug|Any CPU.Build.0 = Debug|Any CPU
		{D894EA2F-1ACB-487E-B3E2-852806168BF1}.Release|Any CPU.ActiveCfg = Release|Any CPU
		{D894EA2F-1ACB-487E-B3E2-852806168BF1}.Release|Any CPU.Build.0 = Release|Any CPU
	EndGlobalSection
	GlobalSection(NestedProjects) = preSolution
		{8C403C02-81EA-4902-A3E4-4035CF955166} = {EE2C66A1-44D9-4D1A-9C7A-7CE33C62A680}
	EndGlobalSection
EndGlobal
